
Microsoft Visual Studio Solution File, Format Version 12.00
# Visual Studio 14
VisualStudioVersion = 14.0.25420.1
MinimumVisualStudioVersion = 10.0.40219.1
Project("{8BC9CEB8-8B4A-11D0-8D11-00A0C91BC942}") = "UseLicenseUtil", "UseLicenseUtil\UseLicenseUtil.vcxproj", "{ACB87913-1EC1-4E97-92C0-6F46443BD8A5}"
EndProject
Project("{8BC9CEB8-8B4A-11D0-8D11-00A0C91BC942}") = "RMSUseLicenseUtil", "RMSUseLicenseUtil\RMSUseLicenseUtil.vcxproj", "{FA8903D3-CF2D-4546-8BCB-FB65B7A5E92A}"
EndProject
Project("{8BC9CEB8-8B4A-11D0-8D11-00A0C91BC942}") = "Win32APIExperiments", "Win32APIExperiments\Win32APIExperiments.vcxproj", "{BB93E8E1-B663-4CB8-999D-C961F6BECF15}"
EndProject
Global
	GlobalSection(SolutionConfigurationPlatforms) = preSolution
		Debug|x64 = Debug|x64
		Debug|x86 = Debug|x86
		Release|x64 = Release|x64
		Release|x86 = Release|x86
	EndGlobalSection
	GlobalSection(ProjectConfigurationPlatforms) = postSolution
		{ACB87913-1EC1-4E97-92C0-6F46443BD8A5}.Debug|x64.ActiveCfg = Debug|x64
		{ACB87913-1EC1-4E97-92C0-6F46443BD8A5}.Debug|x64.Build.0 = Debug|x64
		{ACB87913-1EC1-4E97-92C0-6F46443BD8A5}.Debug|x86.ActiveCfg = Debug|Win32
		{ACB87913-1EC1-4E97-92C0-6F46443BD8A5}.Debug|x86.Build.0 = Debug|Win32
		{ACB87913-1EC1-4E97-92C0-6F46443BD8A5}.Release|x64.ActiveCfg = Release|x64
		{ACB87913-1EC1-4E97-92C0-6F46443BD8A5}.Release|x64.Build.0 = Release|x64
		{ACB87913-1EC1-4E97-92C0-6F46443BD8A5}.Release|x86.ActiveCfg = Release|Win32
		{ACB87913-1EC1-4E97-92C0-6F46443BD8A5}.Release|x86.Build.0 = Release|Win32
		{FA8903D3-CF2D-4546-8BCB-FB65B7A5E92A}.Debug|x64.ActiveCfg = Debug|x64
		{FA8903D3-CF2D-4546-8BCB-FB65B7A5E92A}.Debug|x64.Build.0 = Debug|x64
		{FA8903D3-CF2D-4546-8BCB-FB65B7A5E92A}.Debug|x86.ActiveCfg = Debug|Win32
		{FA8903D3-CF2D-4546-8BCB-FB65B7A5E92A}.Debug|x86.Build.0 = Debug|Win32
		{FA8903D3-CF2D-4546-8BCB-FB65B7A5E92A}.Release|x64.ActiveCfg = Release|x64
		{FA8903D3-CF2D-4546-8BCB-FB65B7A5E92A}.Release|x64.Build.0 = Release|x64
		{FA8903D3-CF2D-4546-8BCB-FB65B7A5E92A}.Release|x86.ActiveCfg = Release|Win32
		{FA8903D3-CF2D-4546-8BCB-FB65B7A5E92A}.Release|x86.Build.0 = Release|Win32
		{BB93E8E1-B663-4CB8-999D-C961F6BECF15}.Debug|x64.ActiveCfg = Debug|x64
		{BB93E8E1-B663-4CB8-999D-C961F6BECF15}.Debug|x64.Build.0 = Debug|x64
		{BB93E8E1-B663-4CB8-999D-C961F6BECF15}.Debug|x86.ActiveCfg = Debug|Win32
		{BB93E8E1-B663-4CB8-999D-C961F6BECF15}.Debug|x86.Build.0 = Debug|Win32
		{BB93E8E1-B663-4CB8-999D-C961F6BECF15}.Release|x64.ActiveCfg = Release|x64
		{BB93E8E1-B663-4CB8-999D-C961F6BECF15}.Release|x64.Build.0 = Release|x64
		{BB93E8E1-B663-4CB8-999D-C961F6BECF15}.Release|x86.ActiveCfg = Release|Win32
		{BB93E8E1-B663-4CB8-999D-C961F6BECF15}.Release|x86.Build.0 = Release|Win32
	EndGlobalSection
	GlobalSection(SolutionProperties) = preSolution
		HideSolutionNode = FALSE
	EndGlobalSection
EndGlobal
